{
  "name": "antlr-cobol-parser",
  "version": "1.0.0",
  "lockfileVersion": 3,
  "requires": true,
  "packages": {
    "": {
      "name": "antlr-cobol-parser",
      "version": "1.0.0",
      "license": "MIT",
      "dependencies": {
        "antlr4": "^4.13.1"
      },
      "devDependencies": {
        "antlr4-c3": "^3.3.0"
      }
    },
    "node_modules/antlr4": {
      "version": "4.13.2",
      "resolved": "https://registry.npmjs.org/antlr4/-/antlr4-4.13.2.tgz",
      "integrity": "sha512-QiVbZhyy4xAZ17UPEuG3YTOt8ZaoeOR1CvEAqrEsDBsOqINslaB147i9xqljZqoyf5S+EUlGStaj+t22LT9MOg==",
      "license": "BSD-3-Clause",
      "engines": {
        "node": ">=16"
      }
    },
    "node_modules/antlr4-c3": {
      "version": "3.4.4",
      "resolved": "https://registry.npmjs.org/antlr4-c3/-/antlr4-c3-3.4.4.tgz",
      "integrity": "sha512-ixp1i17ypbRzZnffdarIfCVEXJwPydtDt61SHMGkc+UCD7rrbfvHESTMTgx8jFhUgKAgcHyt9060kQ8nU3vlxA==",
      "dev": true,
      "license": "MIT",
      "dependencies": {
        "antlr4ng": "3.0.16"
      }
    },
    "node_modules/antlr4ng": {
      "version": "3.0.16",
      "resolved": "https://registry.npmjs.org/antlr4ng/-/antlr4ng-3.0.16.tgz",
      "integrity": "sha512-DQuJkC7kX3xunfF4K2KsWTSvoxxslv+FQp/WHQZTJSsH2Ec3QfFmrxC3Nky2ok9yglXn6nHM4zUaVDxcN5f6kA==",
      "dev": true,
      "license": "BSD-3-Clause"
    }
  }
}
